
Microsoft Visual Studio Solution File, Format Version 12.00
# Visual Studio 14
VisualStudioVersion = 14.0.25420.1
MinimumVisualStudioVersion = 10.0.40219.1
Project("{FAE04EC0-301F-11D3-BF4B-00C04F79EFBC}") = "Mp3Reader", "Mp3Reader\Mp3Reader.csproj", "{0F206C54-9D71-423E-8AC1-88935C088BE2}"
EndProject
Project("{FAE04EC0-301F-11D3-BF4B-00C04F79EFBC}") = "Mp3ReaderTests", "Mp3ReaderTests\Mp3ReaderTests.csproj", "{D47C197C-C378-4002-9F8A-5760BDBCD1F7}"
EndProject
Global
	GlobalSection(SolutionConfigurationPlatforms) = preSolution
		Debug|Any CPU = Debug|Any CPU
		Release|Any CPU = Release|Any CPU
	EndGlobalSection
	GlobalSection(ProjectConfigurationPlatforms) = postSolution
		{0F206C54-9D71-423E-8AC1-88935C088BE2}.Debug|Any CPU.ActiveCfg = Debug|Any CPU
		{0F206C54-9D71-423E-8AC1-88935C088BE2}.Debug|Any CPU.Build.0 = Debug|Any CPU
		{0F206C54-9D71-423E-8AC1-88935C088BE2}.Release|Any CPU.ActiveCfg = Release|Any CPU
		{0F206C54-9D71-423E-8AC1-88935C088BE2}.Release|Any CPU.Build.0 = Release|Any CPU
		{D47C197C-C378-4002-9F8A-5760BDBCD1F7}.Debug|Any CPU.ActiveCfg = Debug|Any CPU
		{D47C197C-C378-4002-9F8A-5760BDBCD1F7}.Debug|Any CPU.Build.0 = Debug|Any CPU
		{D47C197C-C378-4002-9F8A-5760BDBCD1F7}.Release|Any CPU.ActiveCfg = Release|Any CPU
		{D47C197C-C378-4002-9F8A-5760BDBCD1F7}.Release|Any CPU.Build.0 = Release|Any CPU
	EndGlobalSection
	GlobalSection(SolutionProperties) = preSolution
		HideSolutionNode = FALSE
	EndGlobalSection
EndGlobal
